// !$*UTF8*$!
{
	archiveVersion = 1;
	classes = {
	};
	objectVersion = 77;
	objects = {

/* Begin PBXBuildFile section */
		1F334A9711C4BF1BB2AE7291 /* PanController.swift in Sources */ = {isa = PBXBuildFile; fileRef = CBAD033B44B0D81E19DEF423 /* PanController.swift */; };
		3C460C1250B13AD3561A4FD4 /* CameraManager.swift in Sources */ = {isa = PBXBuildFile; fileRef = 2479A6A0DD2BA09BED009DD3 /* CameraManager.swift */; };
		4688E63E58AAB22B8645D923 /* SubjectTracker.swift in Sources */ = {isa = PBXBuildFile; fileRef = D27AF71E7F3F13A47A666EAE /* SubjectTracker.swift */; };
		4CBB1126A1B5D1648FC5D3A7 /* FollowCamApp.swift in Sources */ = {isa = PBXBuildFile; fileRef = 49DD7F31670DA6C2822E32AA /* FollowCamApp.swift */; };
		9E4BA78F2467D3487193885A /* ContentView.swift in Sources */ = {isa = PBXBuildFile; fileRef = 512C980E0C1BBE497EE5CEF2 /* ContentView.swift */; };
/* End PBXBuildFile section */

/* Begin PBXFileReference section */
		2479A6A0DD2BA09BED009DD3 /* CameraManager.swift */ = {isa = PBXFileReference; lastKnownFileType = sourcecode.swift; path = CameraManager.swift; sourceTree = "<group>"; };
		49DD7F31670DA6C2822E32AA /* FollowCamApp.swift */ = {isa = PBXFileReference; lastKnownFileType = sourcecode.swift; path = FollowCamApp.swift; sourceTree = "<group>"; };
		512C980E0C1BBE497EE5CEF2 /* ContentView.swift */ = {isa = PBXFileReference; lastKnownFileType = sourcecode.swift; path = ContentView.swift; sourceTree = "<group>"; };
		CBAD033B44B0D81E19DEF423 /* PanController.swift */ = {isa = PBXFileReference; lastKnownFileType = sourcecode.swift; path = PanController.swift; sourceTree = "<group>"; };
		D27AF71E7F3F13A47A666EAE /* SubjectTracker.swift */ = {isa = PBXFileReference; lastKnownFileType = sourcecode.swift; path = SubjectTracker.swift; sourceTree = "<group>"; };
		ED27DB56697DF2DCFAE1D0E2 /* FollowCam.app */ = {isa = PBXFileReference; includeInIndex = 0; lastKnownFileType = wrapper.application; path = FollowCam.app; sourceTree = BUILT_PRODUCTS_DIR; };
/* End PBXFileReference section */

/* Begin PBXGroup section */
		472FB90AA50E3EB22D1AE930 /* Products */ = {
			isa = PBXGroup;
			children = (
				ED27DB56697DF2DCFAE1D0E2 /* FollowCam.app */,
			);
			name = Products;
			sourceTree = "<group>";
		};
		C96C61BDA689E040CDE67790 /* FollowCamApp */ = {
			isa = PBXGroup;
			children = (
				2479A6A0DD2BA09BED009DD3 /* CameraManager.swift */,
				512C980E0C1BBE497EE5CEF2 /* ContentView.swift */,
				49DD7F31670DA6C2822E32AA /* FollowCamApp.swift */,
				CBAD033B44B0D81E19DEF423 /* PanController.swift */,
				D27AF71E7F3F13A47A666EAE /* SubjectTracker.swift */,
			);
			path = FollowCamApp;
			sourceTree = "<group>";
		};
		E6A2068D5D37A2C057514F1A = {
			isa = PBXGroup;
			children = (
				C96C61BDA689E040CDE67790 /* FollowCamApp */,
				472FB90AA50E3EB22D1AE930 /* Products */,
			);
			sourceTree = "<group>";
		};
/* End PBXGroup section */

/* Begin PBXNativeTarget section */
		A25D4D605BD4943B96C90C09 /* FollowCam */ = {
			isa = PBXNativeTarget;
			buildConfigurationList = A56AC09E36F42078403D4934 /* Build configuration list for PBXNativeTarget "FollowCam" */;
			buildPhases = (
				B5C33460D7AE52E502EC9271 /* Sources */,
			);
			buildRules = (
			);
			dependencies = (
			);
			name = FollowCam;
			packageProductDependencies = (
			);
			productName = FollowCam;
			productReference = ED27DB56697DF2DCFAE1D0E2 /* FollowCam.app */;
			productType = "com.apple.product-type.application";
		};
/* End PBXNativeTarget section */

/* Begin PBXProject section */
		15A740EF5E1E367C8B73AE0E /* Project object */ = {
			isa = PBXProject;
			attributes = {
				BuildIndependentTargetsInParallel = YES;
				LastUpgradeCheck = 1430;
				TargetAttributes = {
					A25D4D605BD4943B96C90C09 = {
						ProvisioningStyle = Automatic;
					};
				};
			};
			buildConfigurationList = 207C0020481C9D6B01BE1001 /* Build configuration list for PBXProject "FollowCam" */;
			developmentRegion = en;
			hasScannedForEncodings = 0;
			knownRegions = (
				Base,
				en,
			);
			mainGroup = E6A2068D5D37A2C057514F1A;
			minimizedProjectReferenceProxies = 1;
			preferredProjectObjectVersion = 77;
			productRefGroup = 472FB90AA50E3EB22D1AE930 /* Products */;
			projectDirPath = "";
			projectRoot = "";
			targets = (
				A25D4D605BD4943B96C90C09 /* FollowCam */,
			);
		};
/* End PBXProject section */

/* Begin PBXSourcesBuildPhase section */
		B5C33460D7AE52E502EC9271 /* Sources */ = {
			isa = PBXSourcesBuildPhase;
			buildActionMask = 2147483647;
			files = (
				3C460C1250B13AD3561A4FD4 /* CameraManager.swift in Sources */,
				9E4BA78F2467D3487193885A /* ContentView.swift in Sources */,
				4CBB1126A1B5D1648FC5D3A7 /* FollowCamApp.swift in Sources */,
				1F334A9711C4BF1BB2AE7291 /* PanController.swift in Sources */,
				4688E63E58AAB22B8645D923 /* SubjectTracker.swift in Sources */,
			);
			runOnlyForDeploymentPostprocessing = 0;
		};
/* End PBXSourcesBuildPhase section */

/* Begin XCBuildConfiguration section */
		23CC51B9D5420D6A07B625F1 /* Debug */ = {
			isa = XCBuildConfiguration;
			buildSettings = {
				ALWAYS_SEARCH_USER_PATHS = NO;
				CLANG_ANALYZER_NONNULL = YES;
				CLANG_ANALYZER_NUMBER_OBJECT_CONVERSION = YES_AGGRESSIVE;
				CLANG_CXX_LANGUAGE_STANDARD = "gnu++14";
				CLANG_CXX_LIBRARY = "libc++";
				CLANG_ENABLE_MODULES = YES;
				CLANG_ENABLE_OBJC_ARC = YES;
				CLANG_ENABLE_OBJC_WEAK = YES;
				CLANG_WARN_BLOCK_CAPTURE_AUTORELEASING = YES;
				CLANG_WARN_BOOL_CONVERSION = YES;
				CLANG_WARN_COMMA = YES;
				CLANG_WARN_CONSTANT_CONVERSION = YES;
				CLANG_WARN_DEPRECATED_OBJC_IMPLEMENTATIONS = YES;
				CLANG_WARN_DIRECT_OBJC_ISA_USAGE = YES_ERROR;
				CLANG_WARN_DOCUMENTATION_COMMENTS = YES;
				CLANG_WARN_EMPTY_BODY = YES;
				CLANG_WARN_ENUM_CONVERSION = YES;
				CLANG_WARN_INFINITE_RECURSION = YES;
				CLANG_WARN_INT_CONVERSION = YES;
				CLANG_WARN_NON_LITERAL_NULL_CONVERSION = YES;
				CLANG_WARN_OBJC_IMPLICIT_RETAIN_SELF = YES;
				CLANG_WARN_OBJC_LITERAL_CONVERSION = YES;
				CLANG_WARN_OBJC_ROOT_CLASS = YES_ERROR;
				CLANG_WARN_QUOTED_INCLUDE_IN_FRAMEWORK_HEADER = YES;
				CLANG_WARN_RANGE_LOOP_ANALYSIS = YES;
				CLANG_WARN_STRICT_PROTOTYPES = YES;
				CLANG_WARN_SUSPICIOUS_MOVE = YES;
				CLANG_WARN_UNGUARDED_AVAILABILITY = YES_AGGRESSIVE;
				CLANG_WARN_UNREACHABLE_CODE = YES;
				CLANG_WARN__DUPLICATE_METHOD_MATCH = YES;
				COPY_PHASE_STRIP = NO;
				DEBUG_INFORMATION_FORMAT = dwarf;
				ENABLE_STRICT_OBJC_MSGSEND = YES;
				ENABLE_TESTABILITY = YES;
				GCC_C_LANGUAGE_STANDARD = gnu11;
				GCC_DYNAMIC_NO_PIC = NO;
				GCC_NO_COMMON_BLOCKS = YES;
				GCC_OPTIMIZATION_LEVEL = 0;
				GCC_PREPROCESSOR_DEFINITIONS = (
					"$(inherited)",
					"DEBUG=1",
				);
				GCC_WARN_64_TO_32_BIT_CONVERSION = YES;
				GCC_WARN_ABOUT_RETURN_TYPE = YES_ERROR;
				GCC_WARN_UNDECLARED_SELECTOR = YES;
				GCC_WARN_UNINITIALIZED_AUTOS = YES_AGGRESSIVE;
				GCC_WARN_UNUSED_FUNCTION = YES;
				GCC_WARN_UNUSED_VARIABLE = YES;
				MTL_ENABLE_DEBUG_INFO = INCLUDE_SOURCE;
				MTL_FAST_MATH = YES;
				ONLY_ACTIVE_ARCH = YES;
				PRODUCT_NAME = "$(TARGET_NAME)";
				SDKROOT = iphoneos;
				SWIFT_ACTIVE_COMPILATION_CONDITIONS = DEBUG;
				SWIFT_OPTIMIZATION_LEVEL = "-Onone";
				SWIFT_VERSION = 5.0;
			};
			name = Debug;
		};
		4F00C7D0FE46D4466E456F18 /* Release */ = {
			isa = XCBuildConfiguration;
			buildSettings = {
				ALWAYS_SEARCH_USER_PATHS = NO;
				CLANG_ANALYZER_NONNULL = YES;
				CLANG_ANALYZER_NUMBER_OBJECT_CONVERSION = YES_AGGRESSIVE;
				CLANG_CXX_LANGUAGE_STANDARD = "gnu++14";
				CLANG_CXX_LIBRARY = "libc++";
				CLANG_ENABLE_MODULES = YES;
				CLANG_ENABLE_OBJC_ARC = YES;
				CLANG_ENABLE_OBJC_WEAK = YES;
				CLANG_WARN_BLOCK_CAPTURE_AUTORELEASING = YES;
				CLANG_WARN_BOOL_CONVERSION = YES;
				CLANG_WARN_COMMA = YES;
				CLANG_WARN_CONSTANT_CONVERSION = YES;
				CLANG_WARN_DEPRECATED_OBJC_IMPLEMENTATIONS = YES;
				CLANG_WARN_DIRECT_OBJC_ISA_USAGE = YES_ERROR;
				CLANG_WARN_DOCUMENTATION_COMMENTS = YES;
				CLANG_WARN_EMPTY_BODY = YES;
				CLANG_WARN_ENUM_CONVERSION = YES;
				CLANG_WARN_INFINITE_RECURSION = YES;
				CLANG_WARN_INT_CONVERSION = YES;
				CLANG_WARN_NON_LITERAL_NULL_CONVERSION = YES;
				CLANG_WARN_OBJC_IMPLICIT_RETAIN_SELF = YES;
				CLANG_WARN_OBJC_LITERAL_CONVERSION = YES;
				CLANG_WARN_OBJC_ROOT_CLASS = YES_ERROR;
				CLANG_WARN_QUOTED_INCLUDE_IN_FRAMEWORK_HEADER = YES;
				CLANG_WARN_RANGE_LOOP_ANALYSIS = YES;
				CLANG_WARN_STRICT_PROTOTYPES = YES;
				CLANG_WARN_SUSPICIOUS_MOVE = YES;
				CLANG_WARN_UNGUARDED_AVAILABILITY = YES_AGGRESSIVE;
				CLANG_WARN_UNREACHABLE_CODE = YES;
				CLANG_WARN__DUPLICATE_METHOD_MATCH = YES;
				COPY_PHASE_STRIP = NO;
				DEBUG_INFORMATION_FORMAT = "dwarf-with-dsym";
				ENABLE_NS_ASSERTIONS = NO;
				ENABLE_STRICT_OBJC_MSGSEND = YES;
				GCC_C_LANGUAGE_STANDARD = gnu11;
				GCC_NO_COMMON_BLOCKS = YES;
				GCC_WARN_64_TO_32_BIT_CONVERSION = YES;
				GCC_WARN_ABOUT_RETURN_TYPE = YES_ERROR;
				GCC_WARN_UNDECLARED_SELECTOR = YES;
				GCC_WARN_UNINITIALIZED_AUTOS = YES_AGGRESSIVE;
				GCC_WARN_UNUSED_FUNCTION = YES;
				GCC_WARN_UNUSED_VARIABLE = YES;
				MTL_ENABLE_DEBUG_INFO = NO;
				MTL_FAST_MATH = YES;
				PRODUCT_NAME = "$(TARGET_NAME)";
				SDKROOT = iphoneos;
				SWIFT_COMPILATION_MODE = wholemodule;
				SWIFT_OPTIMIZATION_LEVEL = "-O";
				SWIFT_VERSION = 5.0;
			};
			name = Release;
		};
		74E4EA1FF71C551F8340A512 /* Release */ = {
			isa = XCBuildConfiguration;
			buildSettings = {
				ASSETCATALOG_COMPILER_APPICON_NAME = AppIcon;
				CODE_SIGN_IDENTITY = "iPhone Developer";
				CODE_SIGN_STYLE = Automatic;
				GENERATE_INFOPLIST_FILE = YES;
				INFOPLIST_KEY_NSCameraUsageDescription = "Films the game and tracks the ball.";
				INFOPLIST_KEY_NSLocalNetworkUsageDescription = "Steers the FollowCam rig.";
				INFOPLIST_KEY_NSPhotoLibraryAddUsageDescription = "Saves recordings.";
				INFOPLIST_KEY_UILaunchScreen_Generation = YES;
				IPHONEOS_DEPLOYMENT_TARGET = 17.0;
				LD_RUNPATH_SEARCH_PATHS = (
					"$(inherited)",
					"@executable_path/Frameworks",
				);
				PRODUCT_BUNDLE_IDENTIFIER = com.followcam.FollowCam;
				SDKROOT = iphoneos;
				TARGETED_DEVICE_FAMILY = 1;
			};
			name = Release;
		};
		8E92CA69A91DB027C3A41E29 /* Debug */ = {
			isa = XCBuildConfiguration;
			buildSettings = {
				ASSETCATALOG_COMPILER_APPICON_NAME = AppIcon;
				CODE_SIGN_IDENTITY = "iPhone Developer";
				CODE_SIGN_STYLE = Automatic;
				GENERATE_INFOPLIST_FILE = YES;
				INFOPLIST_KEY_NSCameraUsageDescription = "Films the game and tracks the ball.";
				INFOPLIST_KEY_NSLocalNetworkUsageDescription = "Steers the FollowCam rig.";
				INFOPLIST_KEY_NSPhotoLibraryAddUsageDescription = "Saves recordings.";
				INFOPLIST_KEY_UILaunchScreen_Generation = YES;
				IPHONEOS_DEPLOYMENT_TARGET = 17.0;
				LD_RUNPATH_SEARCH_PATHS = (
					"$(inherited)",
					"@executable_path/Frameworks",
				);
				PRODUCT_BUNDLE_IDENTIFIER = com.followcam.FollowCam;
				SDKROOT = iphoneos;
				TARGETED_DEVICE_FAMILY = 1;
			};
			name = Debug;
		};
/* End XCBuildConfiguration section */

/* Begin XCConfigurationList section */
		207C0020481C9D6B01BE1001 /* Build configuration list for PBXProject "FollowCam" */ = {
			isa = XCConfigurationList;
			buildConfigurations = (
				23CC51B9D5420D6A07B625F1 /* Debug */,
				4F00C7D0FE46D4466E456F18 /* Release */,
			);
			defaultConfigurationIsVisible = 0;
			defaultConfigurationName = Debug;
		};
		A56AC09E36F42078403D4934 /* Build configuration list for PBXNativeTarget "FollowCam" */ = {
			isa = XCConfigurationList;
			buildConfigurations = (
				8E92CA69A91DB027C3A41E29 /* Debug */,
				74E4EA1FF71C551F8340A512 /* Release */,
			);
			defaultConfigurationIsVisible = 0;
			defaultConfigurationName = Debug;
		};
/* End XCConfigurationList section */
	};
	rootObject = 15A740EF5E1E367C8B73AE0E /* Project object */;
}
